
Microsoft Visual Studio Solution File, Format Version 12.00
# Visual Studio 15
VisualStudioVersion = 15.0.28307.329
MinimumVisualStudioVersion = 10.0.40219.1
Project("{FAE04EC0-301F-11D3-BF4B-00C04F79EFBC}") = "WpfAnimated", "WpfAnimated\WpfAnimated.csproj", "{85BC4446-9ED0-4F53-A2CB-C1B8D7E916E4}"
EndProject
Project("{FAE04EC0-301F-11D3-BF4B-00C04F79EFBC}") = "WpfAnimated.Demo", "WpfAnimated.Demo\WpfAnimated.Demo.csproj", "{C63F94D5-B510-4B04-92FA-ECEF5E289791}"
EndProject
Project("{FAE04EC0-301F-11D3-BF4B-00C04F79EFBC}") = "LibAPNG", "LibAPNG\LibAPNG.csproj", "{6A14ED50-7995-4EAF-B6D5-6E734283B415}"
EndProject
Global
	GlobalSection(SolutionConfigurationPlatforms) = preSolution
		Debug|Any CPU = Debug|Any CPU
		Release|Any CPU = Release|Any CPU
	EndGlobalSection
	GlobalSection(ProjectConfigurationPlatforms) = postSolution
		{85BC4446-9ED0-4F53-A2CB-C1B8D7E916E4}.Debug|Any CPU.ActiveCfg = Debug|Any CPU
		{85BC4446-9ED0-4F53-A2CB-C1B8D7E916E4}.Debug|Any CPU.Build.0 = Debug|Any CPU
		{85BC4446-9ED0-4F53-A2CB-C1B8D7E916E4}.Release|Any CPU.ActiveCfg = Release|Any CPU
		{85BC4446-9ED0-4F53-A2CB-C1B8D7E916E4}.Release|Any CPU.Build.0 = Release|Any CPU
		{C63F94D5-B510-4B04-92FA-ECEF5E289791}.Debug|Any CPU.ActiveCfg = Debug|Any CPU
		{C63F94D5-B510-4B04-92FA-ECEF5E289791}.Debug|Any CPU.Build.0 = Debug|Any CPU
		{C63F94D5-B510-4B04-92FA-ECEF5E289791}.Release|Any CPU.ActiveCfg = Release|Any CPU
		{C63F94D5-B510-4B04-92FA-ECEF5E289791}.Release|Any CPU.Build.0 = Release|Any CPU
		{6A14ED50-7995-4EAF-B6D5-6E734283B415}.Debug|Any CPU.ActiveCfg = Debug|Any CPU
		{6A14ED50-7995-4EAF-B6D5-6E734283B415}.Debug|Any CPU.Build.0 = Debug|Any CPU
		{6A14ED50-7995-4EAF-B6D5-6E734283B415}.Release|Any CPU.ActiveCfg = Release|Any CPU
		{6A14ED50-7995-4EAF-B6D5-6E734283B415}.Release|Any CPU.Build.0 = Release|Any CPU
	EndGlobalSection
	GlobalSection(SolutionProperties) = preSolution
		HideSolutionNode = FALSE
	EndGlobalSection
	GlobalSection(ExtensibilityGlobals) = postSolution
		SolutionGuid = {BC94DD17-7A17-4545-BC46-75ECD9140327}
	EndGlobalSection
EndGlobal
